// !$*UTF8*$!
{
	archiveVersion = 1;
	classes = {
	};
	objectVersion = 56;
	objects = {

/* Begin PBXBuildFile section */
		C873AE112B6550DB00DCFD74 /* ZApp.swift in Sources */ = {isa = PBXBuildFile; fileRef = C873AE102B6550DB00DCFD74 /* ZApp.swift */; };
		C873AE132B6550DB00DCFD74 /* ContentView.swift in Sources */ = {isa = PBXBuildFile; fileRef = C873AE122B6550DB00DCFD74 /* ContentView.swift */; };
		C873AE152B6550DC00DCFD74 /* Assets.xcassets in Resources */ = {isa = PBXBuildFile; fileRef = C873AE142B6550DC00DCFD74 /* Assets.xcassets */; };
		C873AE182B6550DC00DCFD74 /* Preview Assets.xcassets in Resources */ = {isa = PBXBuildFile; fileRef = C873AE172B6550DC00DCFD74 /* Preview Assets.xcassets */; };
		C873AE282B65523100DCFD74 /* LoginView.swift in Sources */ = {isa = PBXBuildFile; fileRef = C873AE272B65523100DCFD74 /* LoginView.swift */; };
		C873AE2A2B6559B500DCFD74 /* RegistrationView.swift in Sources */ = {isa = PBXBuildFile; fileRef = C873AE292B6559B500DCFD74 /* RegistrationView.swift */; };
		C873AE2E2B655B1800DCFD74 /* ZTextFieldModifier.swift in Sources */ = {isa = PBXBuildFile; fileRef = C873AE2D2B655B1800DCFD74 /* ZTextFieldModifier.swift */; };
		C873AE302B655C2900DCFD74 /* ZPrimaryButtonModifier.swift in Sources */ = {isa = PBXBuildFile; fileRef = C873AE2F2B655C2900DCFD74 /* ZPrimaryButtonModifier.swift */; };
		C873AE332B655F6500DCFD74 /* ZTabView.swift in Sources */ = {isa = PBXBuildFile; fileRef = C873AE322B655F6500DCFD74 /* ZTabView.swift */; };
		C873AE372B65616200DCFD74 /* FeedView.swift in Sources */ = {isa = PBXBuildFile; fileRef = C873AE362B65616200DCFD74 /* FeedView.swift */; };
		C873AE3B2B6561B800DCFD74 /* ExploreView.swift in Sources */ = {isa = PBXBuildFile; fileRef = C873AE3A2B6561B800DCFD74 /* ExploreView.swift */; };
		C873AE3F2B6561F500DCFD74 /* ThreadCreationView.swift in Sources */ = {isa = PBXBuildFile; fileRef = C873AE3E2B6561F500DCFD74 /* ThreadCreationView.swift */; };
		C873AE432B65624A00DCFD74 /* ActivityView.swift in Sources */ = {isa = PBXBuildFile; fileRef = C873AE422B65624A00DCFD74 /* ActivityView.swift */; };
		C873AE472B65626F00DCFD74 /* UserProfileView.swift in Sources */ = {isa = PBXBuildFile; fileRef = C873AE462B65626F00DCFD74 /* UserProfileView.swift */; };
		C873AE492B65638B00DCFD74 /* ThreadCell.swift in Sources */ = {isa = PBXBuildFile; fileRef = C873AE482B65638B00DCFD74 /* ThreadCell.swift */; };
		C873AE4C2B656A1200DCFD74 /* CircularProfileImageView.swift in Sources */ = {isa = PBXBuildFile; fileRef = C873AE4B2B656A1200DCFD74 /* CircularProfileImageView.swift */; };
		C873AE4E2B656A7100DCFD74 /* UserCell.swift in Sources */ = {isa = PBXBuildFile; fileRef = C873AE4D2B656A7100DCFD74 /* UserCell.swift */; };
		C873AE512B656D1B00DCFD74 /* ProfileThreadFilter.swift in Sources */ = {isa = PBXBuildFile; fileRef = C873AE502B656D1B00DCFD74 /* ProfileThreadFilter.swift */; };
		C873AE542B65737B00DCFD74 /* EditProfileView.swift in Sources */ = {isa = PBXBuildFile; fileRef = C873AE532B65737B00DCFD74 /* EditProfileView.swift */; };
		C873AE562B657BFF00DCFD74 /* GoogleService-Info.plist in Resources */ = {isa = PBXBuildFile; fileRef = C873AE552B657BFF00DCFD74 /* GoogleService-Info.plist */; };
		C873AE592B657CE900DCFD74 /* FirebaseAuth in Frameworks */ = {isa = PBXBuildFile; productRef = C873AE582B657CE900DCFD74 /* FirebaseAuth */; };
		C873AE5B2B657CE900DCFD74 /* FirebaseFirestore in Frameworks */ = {isa = PBXBuildFile; productRef = C873AE5A2B657CE900DCFD74 /* FirebaseFirestore */; };
		C873AE5D2B657CE900DCFD74 /* FirebaseFirestoreSwift in Frameworks */ = {isa = PBXBuildFile; productRef = C873AE5C2B657CE900DCFD74 /* FirebaseFirestoreSwift */; };
		C873AE5F2B657CE900DCFD74 /* FirebaseStorage in Frameworks */ = {isa = PBXBuildFile; productRef = C873AE5E2B657CE900DCFD74 /* FirebaseStorage */; };
		C873AE612B657CE900DCFD74 /* FirebaseStorageCombine-Community in Frameworks */ = {isa = PBXBuildFile; productRef = C873AE602B657CE900DCFD74 /* FirebaseStorageCombine-Community */; };
		C873AE642B659ACF00DCFD74 /* RegistrationViewModel.swift in Sources */ = {isa = PBXBuildFile; fileRef = C873AE632B659ACF00DCFD74 /* RegistrationViewModel.swift */; };
		C873AE662B659B6700DCFD74 /* AuthService.swift in Sources */ = {isa = PBXBuildFile; fileRef = C873AE652B659B6700DCFD74 /* AuthService.swift */; };
		C873AE6B2B65A04700DCFD74 /* ContentViewModel.swift in Sources */ = {isa = PBXBuildFile; fileRef = C873AE6A2B65A04700DCFD74 /* ContentViewModel.swift */; };
		C873AE6D2B65A54F00DCFD74 /* LoginViewModel.swift in Sources */ = {isa = PBXBuildFile; fileRef = C873AE6C2B65A54F00DCFD74 /* LoginViewModel.swift */; };
		C873AE6F2B65D35700DCFD74 /* User.swift in Sources */ = {isa = PBXBuildFile; fileRef = C873AE6E2B65D35700DCFD74 /* User.swift */; };
		C873AE712B65D5DE00DCFD74 /* UserService.swift in Sources */ = {isa = PBXBuildFile; fileRef = C873AE702B65D5DE00DCFD74 /* UserService.swift */; };
		C873AE772B65E50600DCFD74 /* ExploreViewModel.swift in Sources */ = {isa = PBXBuildFile; fileRef = C873AE762B65E50600DCFD74 /* ExploreViewModel.swift */; };
		C873AE792B65F08500DCFD74 /* PreviewProvider.swift in Sources */ = {isa = PBXBuildFile; fileRef = C873AE782B65F08500DCFD74 /* PreviewProvider.swift */; };
		C873AE7D2B65F5BE00DCFD74 /* CurrentUserProfileView.swift in Sources */ = {isa = PBXBuildFile; fileRef = C873AE7C2B65F5BE00DCFD74 /* CurrentUserProfileView.swift */; };
		C873AE802B65F63C00DCFD74 /* CurrentUserProfileViewModel.swift in Sources */ = {isa = PBXBuildFile; fileRef = C873AE7F2B65F63C00DCFD74 /* CurrentUserProfileViewModel.swift */; };
		C873AE832B65F7E700DCFD74 /* ProfileHeaderView.swift in Sources */ = {isa = PBXBuildFile; fileRef = C873AE822B65F7E700DCFD74 /* ProfileHeaderView.swift */; };
		C873AE852B65F8E500DCFD74 /* UserContentListView.swift in Sources */ = {isa = PBXBuildFile; fileRef = C873AE842B65F8E500DCFD74 /* UserContentListView.swift */; };
		C8D4CA0C2B66A8DC00354F98 /* ThreadCreationViewModel.swift in Sources */ = {isa = PBXBuildFile; fileRef = C8D4CA0B2B66A8DC00354F98 /* ThreadCreationViewModel.swift */; };
		C8D4CA102B66B2BD00354F98 /* EditProfileViewModel.swift in Sources */ = {isa = PBXBuildFile; fileRef = C8D4CA0F2B66B2BD00354F98 /* EditProfileViewModel.swift */; };
		C8D4CA122B66B44C00354F98 /* ImageUploader.swift in Sources */ = {isa = PBXBuildFile; fileRef = C8D4CA112B66B44C00354F98 /* ImageUploader.swift */; };
		C8D4CA152B66BA8900354F98 /* Kingfisher in Frameworks */ = {isa = PBXBuildFile; productRef = C8D4CA142B66BA8900354F98 /* Kingfisher */; };
/* End PBXBuildFile section */

/* Begin PBXFileReference section */
		C873AE0D2B6550DB00DCFD74 /* Z.app */ = {isa = PBXFileReference; explicitFileType = wrapper.application; includeInIndex = 0; path = Z.app; sourceTree = BUILT_PRODUCTS_DIR; };
		C873AE102B6550DB00DCFD74 /* ZApp.swift */ = {isa = PBXFileReference; lastKnownFileType = sourcecode.swift; path = ZApp.swift; sourceTree = "<group>"; };
		C873AE122B6550DB00DCFD74 /* ContentView.swift */ = {isa = PBXFileReference; lastKnownFileType = sourcecode.swift; path = ContentView.swift; sourceTree = "<group>"; };
		C873AE142B6550DC00DCFD74 /* Assets.xcassets */ = {isa = PBXFileReference; lastKnownFileType = folder.assetcatalog; path = Assets.xcassets; sourceTree = "<group>"; };
		C873AE172B6550DC00DCFD74 /* Preview Assets.xcassets */ = {isa = PBXFileReference; lastKnownFileType = folder.assetcatalog; path = "Preview Assets.xcassets"; sourceTree = "<group>"; };
		C873AE272B65523100DCFD74 /* LoginView.swift */ = {isa = PBXFileReference; lastKnownFileType = sourcecode.swift; path = LoginView.swift; sourceTree = "<group>"; };
		C873AE292B6559B500DCFD74 /* RegistrationView.swift */ = {isa = PBXFileReference; lastKnownFileType = sourcecode.swift; path = RegistrationView.swift; sourceTree = "<group>"; };
		C873AE2D2B655B1800DCFD74 /* ZTextFieldModifier.swift */ = {isa = PBXFileReference; lastKnownFileType = sourcecode.swift; path = ZTextFieldModifier.swift; sourceTree = "<group>"; };
		C873AE2F2B655C2900DCFD74 /* ZPrimaryButtonModifier.swift */ = {isa = PBXFileReference; lastKnownFileType = sourcecode.swift; path = ZPrimaryButtonModifier.swift; sourceTree = "<group>"; };
		C873AE322B655F6500DCFD74 /* ZTabView.swift */ = {isa = PBXFileReference; lastKnownFileType = sourcecode.swift; path = ZTabView.swift; sourceTree = "<group>"; };
		C873AE362B65616200DCFD74 /* FeedView.swift */ = {isa = PBXFileReference; lastKnownFileType = sourcecode.swift; path = FeedView.swift; sourceTree = "<group>"; };
		C873AE3A2B6561B800DCFD74 /* ExploreView.swift */ = {isa = PBXFileReference; lastKnownFileType = sourcecode.swift; path = ExploreView.swift; sourceTree = "<group>"; };
		C873AE3E2B6561F500DCFD74 /* ThreadCreationView.swift */ = {isa = PBXFileReference; lastKnownFileType = sourcecode.swift; path = ThreadCreationView.swift; sourceTree = "<group>"; };
		C873AE422B65624A00DCFD74 /* ActivityView.swift */ = {isa = PBXFileReference; lastKnownFileType = sourcecode.swift; path = ActivityView.swift; sourceTree = "<group>"; };
		C873AE462B65626F00DCFD74 /* UserProfileView.swift */ = {isa = PBXFileReference; lastKnownFileType = sourcecode.swift; path = UserProfileView.swift; sourceTree = "<group>"; };
		C873AE482B65638B00DCFD74 /* ThreadCell.swift */ = {isa = PBXFileReference; lastKnownFileType = sourcecode.swift; path = ThreadCell.swift; sourceTree = "<group>"; };
		C873AE4B2B656A1200DCFD74 /* CircularProfileImageView.swift */ = {isa = PBXFileReference; lastKnownFileType = sourcecode.swift; path = CircularProfileImageView.swift; sourceTree = "<group>"; };
		C873AE4D2B656A7100DCFD74 /* UserCell.swift */ = {isa = PBXFileReference; lastKnownFileType = sourcecode.swift; path = UserCell.swift; sourceTree = "<group>"; };
		C873AE502B656D1B00DCFD74 /* ProfileThreadFilter.swift */ = {isa = PBXFileReference; lastKnownFileType = sourcecode.swift; path = ProfileThreadFilter.swift; sourceTree = "<group>"; };
		C873AE532B65737B00DCFD74 /* EditProfileView.swift */ = {isa = PBXFileReference; lastKnownFileType = sourcecode.swift; path = EditProfileView.swift; sourceTree = "<group>"; };
		C873AE552B657BFF00DCFD74 /* GoogleService-Info.plist */ = {isa = PBXFileReference; fileEncoding = 4; lastKnownFileType = text.plist.xml; path = "GoogleService-Info.plist"; sourceTree = "<group>"; };
		C873AE632B659ACF00DCFD74 /* RegistrationViewModel.swift */ = {isa = PBXFileReference; lastKnownFileType = sourcecode.swift; path = RegistrationViewModel.swift; sourceTree = "<group>"; };
		C873AE652B659B6700DCFD74 /* AuthService.swift */ = {isa = PBXFileReference; lastKnownFileType = sourcecode.swift; path = AuthService.swift; sourceTree = "<group>"; };
		C873AE6A2B65A04700DCFD74 /* ContentViewModel.swift */ = {isa = PBXFileReference; lastKnownFileType = sourcecode.swift; path = ContentViewModel.swift; sourceTree = "<group>"; };
		C873AE6C2B65A54F00DCFD74 /* LoginViewModel.swift */ = {isa = PBXFileReference; lastKnownFileType = sourcecode.swift; path = LoginViewModel.swift; sourceTree = "<group>"; };
		C873AE6E2B65D35700DCFD74 /* User.swift */ = {isa = PBXFileReference; lastKnownFileType = sourcecode.swift; path = User.swift; sourceTree = "<group>"; };
		C873AE702B65D5DE00DCFD74 /* UserService.swift */ = {isa = PBXFileReference; lastKnownFileType = sourcecode.swift; path = UserService.swift; sourceTree = "<group>"; };
		C873AE762B65E50600DCFD74 /* ExploreViewModel.swift */ = {isa = PBXFileReference; lastKnownFileType = sourcecode.swift; path = ExploreViewModel.swift; sourceTree = "<group>"; };
		C873AE782B65F08500DCFD74 /* PreviewProvider.swift */ = {isa = PBXFileReference; lastKnownFileType = sourcecode.swift; path = PreviewProvider.swift; sourceTree = "<group>"; };
		C873AE7C2B65F5BE00DCFD74 /* CurrentUserProfileView.swift */ = {isa = PBXFileReference; lastKnownFileType = sourcecode.swift; path = CurrentUserProfileView.swift; sourceTree = "<group>"; };
		C873AE7F2B65F63C00DCFD74 /* CurrentUserProfileViewModel.swift */ = {isa = PBXFileReference; lastKnownFileType = sourcecode.swift; path = CurrentUserProfileViewModel.swift; sourceTree = "<group>"; };
		C873AE822B65F7E700DCFD74 /* ProfileHeaderView.swift */ = {isa = PBXFileReference; lastKnownFileType = sourcecode.swift; path = ProfileHeaderView.swift; sourceTree = "<group>"; };
		C873AE842B65F8E500DCFD74 /* UserContentListView.swift */ = {isa = PBXFileReference; lastKnownFileType = sourcecode.swift; path = UserContentListView.swift; sourceTree = "<group>"; };
		C8D4CA0B2B66A8DC00354F98 /* ThreadCreationViewModel.swift */ = {isa = PBXFileReference; lastKnownFileType = sourcecode.swift; path = ThreadCreationViewModel.swift; sourceTree = "<group>"; };
		C8D4CA0F2B66B2BD00354F98 /* EditProfileViewModel.swift */ = {isa = PBXFileReference; lastKnownFileType = sourcecode.swift; path = EditProfileViewModel.swift; sourceTree = "<group>"; };
		C8D4CA112B66B44C00354F98 /* ImageUploader.swift */ = {isa = PBXFileReference; lastKnownFileType = sourcecode.swift; path = ImageUploader.swift; sourceTree = "<group>"; };
/* End PBXFileReference section */

/* Begin PBXFrameworksBuildPhase section */
		C873AE0A2B6550DB00DCFD74 /* Frameworks */ = {
			isa = PBXFrameworksBuildPhase;
			buildActionMask = 2147483647;
			files = (
				C8D4CA152B66BA8900354F98 /* Kingfisher in Frameworks */,
				C873AE592B657CE900DCFD74 /* FirebaseAuth in Frameworks */,
				C873AE5F2B657CE900DCFD74 /* FirebaseStorage in Frameworks */,
				C873AE612B657CE900DCFD74 /* FirebaseStorageCombine-Community in Frameworks */,
				C873AE5B2B657CE900DCFD74 /* FirebaseFirestore in Frameworks */,
				C873AE5D2B657CE900DCFD74 /* FirebaseFirestoreSwift in Frameworks */,
			);
			runOnlyForDeploymentPostprocessing = 0;
		};
/* End PBXFrameworksBuildPhase section */

/* Begin PBXGroup section */
		C873AE042B6550DB00DCFD74 = {
			isa = PBXGroup;
			children = (
				C873AE0F2B6550DB00DCFD74 /* Z */,
				C873AE0E2B6550DB00DCFD74 /* Products */,
			);
			sourceTree = "<group>";
		};
		C873AE0E2B6550DB00DCFD74 /* Products */ = {
			isa = PBXGroup;
			children = (
				C873AE0D2B6550DB00DCFD74 /* Z.app */,
			);
			name = Products;
			sourceTree = "<group>";
		};
		C873AE0F2B6550DB00DCFD74 /* Z */ = {
			isa = PBXGroup;
			children = (
				C873AE232B6551A900DCFD74 /* App */,
				C873AE222B6551A400DCFD74 /* Core */,
				C873AE212B6551A300DCFD74 /* Extensions */,
				C873AE202B6551A100DCFD74 /* Model */,
				C873AE1F2B65519E00DCFD74 /* Services */,
				C873AE1E2B65519C00DCFD74 /* Utils */,
				C873AE552B657BFF00DCFD74 /* GoogleService-Info.plist */,
				C873AE142B6550DC00DCFD74 /* Assets.xcassets */,
				C873AE162B6550DC00DCFD74 /* Preview Content */,
			);
			path = Z;
			sourceTree = "<group>";
		};
		C873AE162B6550DC00DCFD74 /* Preview Content */ = {
			isa = PBXGroup;
			children = (
				C873AE172B6550DC00DCFD74 /* Preview Assets.xcassets */,
			);
			path = "Preview Content";
			sourceTree = "<group>";
		};
		C873AE1E2B65519C00DCFD74 /* Utils */ = {
			isa = PBXGroup;
			children = (
				C873AE2C2B655AD500DCFD74 /* ViewModifiers */,
			);
			path = Utils;
			sourceTree = "<group>";
		};
		C873AE1F2B65519E00DCFD74 /* Services */ = {
			isa = PBXGroup;
			children = (
				C873AE702B65D5DE00DCFD74 /* UserService.swift */,
				C8D4CA112B66B44C00354F98 /* ImageUploader.swift */,
			);
			path = Services;
			sourceTree = "<group>";
		};
		C873AE202B6551A100DCFD74 /* Model */ = {
			isa = PBXGroup;
			children = (
				C873AE6E2B65D35700DCFD74 /* User.swift */,
			);
			path = Model;
			sourceTree = "<group>";
		};
		C873AE212B6551A300DCFD74 /* Extensions */ = {
			isa = PBXGroup;
			children = (
				C873AE782B65F08500DCFD74 /* PreviewProvider.swift */,
			);
			path = Extensions;
			sourceTree = "<group>";
		};
		C873AE222B6551A400DCFD74 /* Core */ = {
			isa = PBXGroup;
			children = (
				C873AE402B65622100DCFD74 /* Activity */,
				C873AE242B6551D200DCFD74 /* Authentication */,
				C873AE4A2B6569FE00DCFD74 /* Components */,
				C873AE382B6561A600DCFD74 /* Explore */,
				C873AE342B65615200DCFD74 /* Feed */,
				C873AE442B65625B00DCFD74 /* Profile */,
				C873AE252B6551DB00DCFD74 /* Root */,
				C873AE312B655D2100DCFD74 /* TabBar */,
				C873AE3C2B6561D700DCFD74 /* ThreadCreation */,
			);
			path = Core;
			sourceTree = "<group>";
		};
		C873AE232B6551A900DCFD74 /* App */ = {
			isa = PBXGroup;
			children = (
				C873AE102B6550DB00DCFD74 /* ZApp.swift */,
			);
			path = App;
			sourceTree = "<group>";
		};
		C873AE242B6551D200DCFD74 /* Authentication */ = {
			isa = PBXGroup;
			children = (
				C8D4CA0E2B66B25F00354F98 /* Registration */,
				C8D4CA0D2B66B25A00354F98 /* Login */,
				C873AE672B659C4B00DCFD74 /* Service */,
			);
			path = Authentication;
			sourceTree = "<group>";
		};
		C873AE252B6551DB00DCFD74 /* Root */ = {
			isa = PBXGroup;
			children = (
				C873AE6A2B65A04700DCFD74 /* ContentViewModel.swift */,
				C873AE122B6550DB00DCFD74 /* ContentView.swift */,
			);
			path = Root;
			sourceTree = "<group>";
		};
		C873AE2C2B655AD500DCFD74 /* ViewModifiers */ = {
			isa = PBXGroup;
			children = (
				C873AE2D2B655B1800DCFD74 /* ZTextFieldModifier.swift */,
				C873AE2F2B655C2900DCFD74 /* ZPrimaryButtonModifier.swift */,
			);
			path = ViewModifiers;
			sourceTree = "<group>";
		};
		C873AE312B655D2100DCFD74 /* TabBar */ = {
			isa = PBXGroup;
			children = (
				C873AE322B655F6500DCFD74 /* ZTabView.swift */,
			);
			path = TabBar;
			sourceTree = "<group>";
		};
		C873AE342B65615200DCFD74 /* Feed */ = {
			isa = PBXGroup;
			children = (
				C873AE362B65616200DCFD74 /* FeedView.swift */,
				C873AE482B65638B00DCFD74 /* ThreadCell.swift */,
			);
			path = Feed;
			sourceTree = "<group>";
		};
		C873AE382B6561A600DCFD74 /* Explore */ = {
			isa = PBXGroup;
			children = (
				C873AE762B65E50600DCFD74 /* ExploreViewModel.swift */,
				C873AE3A2B6561B800DCFD74 /* ExploreView.swift */,
			);
			path = Explore;
			sourceTree = "<group>";
		};
		C873AE3C2B6561D700DCFD74 /* ThreadCreation */ = {
			isa = PBXGroup;
			children = (
				C8D4CA0B2B66A8DC00354F98 /* ThreadCreationViewModel.swift */,
				C873AE3E2B6561F500DCFD74 /* ThreadCreationView.swift */,
			);
			path = ThreadCreation;
			sourceTree = "<group>";
		};
		C873AE402B65622100DCFD74 /* Activity */ = {
			isa = PBXGroup;
			children = (
				C873AE422B65624A00DCFD74 /* ActivityView.swift */,
			);
			path = Activity;
			sourceTree = "<group>";
		};
		C873AE442B65625B00DCFD74 /* Profile */ = {
			isa = PBXGroup;
			children = (
				C873AE812B65F7D200DCFD74 /* Components */,
				C873AE7A2B65F59D00DCFD74 /* CurrentUserProfile */,
				C873AE522B65736700DCFD74 /* EditProfile */,
				C873AE4F2B656D0400DCFD74 /* Model */,
				C873AE452B65626700DCFD74 /* UserProfile */,
			);
			path = Profile;
			sourceTree = "<group>";
		};
		C873AE452B65626700DCFD74 /* UserProfile */ = {
			isa = PBXGroup;
			children = (
				C873AE462B65626F00DCFD74 /* UserProfileView.swift */,
			);
			path = UserProfile;
			sourceTree = "<group>";
		};
		C873AE4A2B6569FE00DCFD74 /* Components */ = {
			isa = PBXGroup;
			children = (
				C873AE4B2B656A1200DCFD74 /* CircularProfileImageView.swift */,
				C873AE4D2B656A7100DCFD74 /* UserCell.swift */,
				C873AE842B65F8E500DCFD74 /* UserContentListView.swift */,
			);
			path = Components;
			sourceTree = "<group>";
		};
		C873AE4F2B656D0400DCFD74 /* Model */ = {
			isa = PBXGroup;
			children = (
				C873AE502B656D1B00DCFD74 /* ProfileThreadFilter.swift */,
			);
			path = Model;
			sourceTree = "<group>";
		};
		C873AE522B65736700DCFD74 /* EditProfile */ = {
			isa = PBXGroup;
			children = (
				C873AE532B65737B00DCFD74 /* EditProfileView.swift */,
				C8D4CA0F2B66B2BD00354F98 /* EditProfileViewModel.swift */,
			);
			path = EditProfile;
			sourceTree = "<group>";
		};
		C873AE672B659C4B00DCFD74 /* Service */ = {
			isa = PBXGroup;
			children = (
				C873AE652B659B6700DCFD74 /* AuthService.swift */,
			);
			path = Service;
			sourceTree = "<group>";
		};
		C873AE7A2B65F59D00DCFD74 /* CurrentUserProfile */ = {
			isa = PBXGroup;
			children = (
				C873AE7F2B65F63C00DCFD74 /* CurrentUserProfileViewModel.swift */,
				C873AE7C2B65F5BE00DCFD74 /* CurrentUserProfileView.swift */,
			);
			path = CurrentUserProfile;
			sourceTree = "<group>";
		};
		C873AE812B65F7D200DCFD74 /* Components */ = {
			isa = PBXGroup;
			children = (
				C873AE822B65F7E700DCFD74 /* ProfileHeaderView.swift */,
			);
			path = Components;
			sourceTree = "<group>";
		};
		C8D4CA0D2B66B25A00354F98 /* Login */ = {
			isa = PBXGroup;
			children = (
				C873AE6C2B65A54F00DCFD74 /* LoginViewModel.swift */,
				C873AE272B65523100DCFD74 /* LoginView.swift */,
			);
			path = Login;
			sourceTree = "<group>";
		};
		C8D4CA0E2B66B25F00354F98 /* Registration */ = {
			isa = PBXGroup;
			children = (
				C873AE632B659ACF00DCFD74 /* RegistrationViewModel.swift */,
				C873AE292B6559B500DCFD74 /* RegistrationView.swift */,
			);
			path = Registration;
			sourceTree = "<group>";
		};
/* End PBXGroup section */

/* Begin PBXNativeTarget section */
		C873AE0C2B6550DB00DCFD74 /* Z */ = {
			isa = PBXNativeTarget;
			buildConfigurationList = C873AE1B2B6550DC00DCFD74 /* Build configuration list for PBXNativeTarget "Z" */;
			buildPhases = (
				C873AE092B6550DB00DCFD74 /* Sources */,
				C873AE0A2B6550DB00DCFD74 /* Frameworks */,
				C873AE0B2B6550DB00DCFD74 /* Resources */,
			);
			buildRules = (
			);
			dependencies = (
			);
			name = Z;
			packageProductDependencies = (
				C873AE582B657CE900DCFD74 /* FirebaseAuth */,
				C873AE5A2B657CE900DCFD74 /* FirebaseFirestore */,
				C873AE5C2B657CE900DCFD74 /* FirebaseFirestoreSwift */,
				C873AE5E2B657CE900DCFD74 /* FirebaseStorage */,
				C873AE602B657CE900DCFD74 /* FirebaseStorageCombine-Community */,
				C8D4CA142B66BA8900354F98 /* Kingfisher */,
			);
			productName = Z;
			productReference = C873AE0D2B6550DB00DCFD74 /* Z.app */;
			productType = "com.apple.product-type.application";
		};
/* End PBXNativeTarget section */

/* Begin PBXProject section */
		C873AE052B6550DB00DCFD74 /* Project object */ = {
			isa = PBXProject;
			attributes = {
				BuildIndependentTargetsInParallel = 1;
				LastSwiftUpdateCheck = 1520;
				LastUpgradeCheck = 1520;
				TargetAttributes = {
					C873AE0C2B6550DB00DCFD74 = {
						CreatedOnToolsVersion = 15.2;
					};
				};
			};
			buildConfigurationList = C873AE082B6550DB00DCFD74 /* Build configuration list for PBXProject "Z" */;
			compatibilityVersion = "Xcode 14.0";
			developmentRegion = en;
			hasScannedForEncodings = 0;
			knownRegions = (
				en,
				Base,
			);
			mainGroup = C873AE042B6550DB00DCFD74;
			packageReferences = (
				C873AE572B657CE900DCFD74 /* XCRemoteSwiftPackageReference "firebase-ios-sdk" */,
				C8D4CA132B66BA8900354F98 /* XCRemoteSwiftPackageReference "Kingfisher" */,
			);
			productRefGroup = C873AE0E2B6550DB00DCFD74 /* Products */;
			projectDirPath = "";
			projectRoot = "";
			targets = (
				C873AE0C2B6550DB00DCFD74 /* Z */,
			);
		};
/* End PBXProject section */

/* Begin PBXResourcesBuildPhase section */
		C873AE0B2B6550DB00DCFD74 /* Resources */ = {
			isa = PBXResourcesBuildPhase;
			buildActionMask = 2147483647;
			files = (
				C873AE182B6550DC00DCFD74 /* Preview Assets.xcassets in Resources */,
				C873AE152B6550DC00DCFD74 /* Assets.xcassets in Resources */,
				C873AE562B657BFF00DCFD74 /* GoogleService-Info.plist in Resources */,
			);
			runOnlyForDeploymentPostprocessing = 0;
		};
/* End PBXResourcesBuildPhase section */

/* Begin PBXSourcesBuildPhase section */
		C873AE092B6550DB00DCFD74 /* Sources */ = {
			isa = PBXSourcesBuildPhase;
			buildActionMask = 2147483647;
			files = (
				C873AE432B65624A00DCFD74 /* ActivityView.swift in Sources */,
				C873AE642B659ACF00DCFD74 /* RegistrationViewModel.swift in Sources */,
				C873AE542B65737B00DCFD74 /* EditProfileView.swift in Sources */,
				C873AE372B65616200DCFD74 /* FeedView.swift in Sources */,
				C873AE6B2B65A04700DCFD74 /* ContentViewModel.swift in Sources */,
				C873AE7D2B65F5BE00DCFD74 /* CurrentUserProfileView.swift in Sources */,
				C873AE3B2B6561B800DCFD74 /* ExploreView.swift in Sources */,
				C873AE512B656D1B00DCFD74 /* ProfileThreadFilter.swift in Sources */,
				C873AE712B65D5DE00DCFD74 /* UserService.swift in Sources */,
				C873AE662B659B6700DCFD74 /* AuthService.swift in Sources */,
				C873AE282B65523100DCFD74 /* LoginView.swift in Sources */,
				C873AE472B65626F00DCFD74 /* UserProfileView.swift in Sources */,
				C873AE6F2B65D35700DCFD74 /* User.swift in Sources */,
				C8D4CA122B66B44C00354F98 /* ImageUploader.swift in Sources */,
				C8D4CA102B66B2BD00354F98 /* EditProfileViewModel.swift in Sources */,
				C873AE132B6550DB00DCFD74 /* ContentView.swift in Sources */,
				C873AE832B65F7E700DCFD74 /* ProfileHeaderView.swift in Sources */,
				C873AE2E2B655B1800DCFD74 /* ZTextFieldModifier.swift in Sources */,
				C873AE802B65F63C00DCFD74 /* CurrentUserProfileViewModel.swift in Sources */,
				C873AE4C2B656A1200DCFD74 /* CircularProfileImageView.swift in Sources */,
				C873AE4E2B656A7100DCFD74 /* UserCell.swift in Sources */,
				C873AE112B6550DB00DCFD74 /* ZApp.swift in Sources */,
				C873AE492B65638B00DCFD74 /* ThreadCell.swift in Sources */,
				C873AE332B655F6500DCFD74 /* ZTabView.swift in Sources */,
				C873AE302B655C2900DCFD74 /* ZPrimaryButtonModifier.swift in Sources */,
				C873AE772B65E50600DCFD74 /* ExploreViewModel.swift in Sources */,
				C873AE2A2B6559B500DCFD74 /* RegistrationView.swift in Sources */,
				C8D4CA0C2B66A8DC00354F98 /* ThreadCreationViewModel.swift in Sources */,
				C873AE3F2B6561F500DCFD74 /* ThreadCreationView.swift in Sources */,
				C873AE852B65F8E500DCFD74 /* UserContentListView.swift in Sources */,
				C873AE6D2B65A54F00DCFD74 /* LoginViewModel.swift in Sources */,
				C873AE792B65F08500DCFD74 /* PreviewProvider.swift in Sources */,
			);
			runOnlyForDeploymentPostprocessing = 0;
		};
/* End PBXSourcesBuildPhase section */

/* Begin XCBuildConfiguration section */
		C873AE192B6550DC00DCFD74 /* Debug */ = {
			isa = XCBuildConfiguration;
			buildSettings = {
				ALWAYS_SEARCH_USER_PATHS = NO;
				ASSETCATALOG_COMPILER_GENERATE_SWIFT_ASSET_SYMBOL_EXTENSIONS = YES;
				CLANG_ANALYZER_NONNULL = YES;
				CLANG_ANALYZER_NUMBER_OBJECT_CONVERSION = YES_AGGRESSIVE;
				CLANG_CXX_LANGUAGE_STANDARD = "gnu++20";
				CLANG_ENABLE_MODULES = YES;
				CLANG_ENABLE_OBJC_ARC = YES;
				CLANG_ENABLE_OBJC_WEAK = YES;
				CLANG_WARN_BLOCK_CAPTURE_AUTORELEASING = YES;
				CLANG_WARN_BOOL_CONVERSION = YES;
				CLANG_WARN_COMMA = YES;
				CLANG_WARN_CONSTANT_CONVERSION = YES;
				CLANG_WARN_DEPRECATED_OBJC_IMPLEMENTATIONS = YES;
				CLANG_WARN_DIRECT_OBJC_ISA_USAGE = YES_ERROR;
				CLANG_WARN_DOCUMENTATION_COMMENTS = YES;
				CLANG_WARN_EMPTY_BODY = YES;
				CLANG_WARN_ENUM_CONVERSION = YES;
				CLANG_WARN_INFINITE_RECURSION = YES;
				CLANG_WARN_INT_CONVERSION = YES;
				CLANG_WARN_NON_LITERAL_NULL_CONVERSION = YES;
				CLANG_WARN_OBJC_IMPLICIT_RETAIN_SELF = YES;
				CLANG_WARN_OBJC_LITERAL_CONVERSION = YES;
				CLANG_WARN_OBJC_ROOT_CLASS = YES_ERROR;
				CLANG_WARN_QUOTED_INCLUDE_IN_FRAMEWORK_HEADER = YES;
				CLANG_WARN_RANGE_LOOP_ANALYSIS = YES;
				CLANG_WARN_STRICT_PROTOTYPES = YES;
				CLANG_WARN_SUSPICIOUS_MOVE = YES;
				CLANG_WARN_UNGUARDED_AVAILABILITY = YES_AGGRESSIVE;
				CLANG_WARN_UNREACHABLE_CODE = YES;
				CLANG_WARN__DUPLICATE_METHOD_MATCH = YES;
				COPY_PHASE_STRIP = NO;
				DEBUG_INFORMATION_FORMAT = dwarf;
				ENABLE_STRICT_OBJC_MSGSEND = YES;
				ENABLE_TESTABILITY = YES;
				ENABLE_USER_SCRIPT_SANDBOXING = YES;
				GCC_C_LANGUAGE_STANDARD = gnu17;
				GCC_DYNAMIC_NO_PIC = NO;
				GCC_NO_COMMON_BLOCKS = YES;
				GCC_OPTIMIZATION_LEVEL = 0;
				GCC_PREPROCESSOR_DEFINITIONS = (
					"DEBUG=1",
					"$(inherited)",
				);
				GCC_WARN_64_TO_32_BIT_CONVERSION = YES;
				GCC_WARN_ABOUT_RETURN_TYPE = YES_ERROR;
				GCC_WARN_UNDECLARED_SELECTOR = YES;
				GCC_WARN_UNINITIALIZED_AUTOS = YES_AGGRESSIVE;
				GCC_WARN_UNUSED_FUNCTION = YES;
				GCC_WARN_UNUSED_VARIABLE = YES;
				IPHONEOS_DEPLOYMENT_TARGET = 17.2;
				LOCALIZATION_PREFERS_STRING_CATALOGS = YES;
				MTL_ENABLE_DEBUG_INFO = INCLUDE_SOURCE;
				MTL_FAST_MATH = YES;
				ONLY_ACTIVE_ARCH = YES;
				SDKROOT = iphoneos;
				SWIFT_ACTIVE_COMPILATION_CONDITIONS = "DEBUG $(inherited)";
				SWIFT_OPTIMIZATION_LEVEL = "-Onone";
			};
			name = Debug;
		};
		C873AE1A2B6550DC00DCFD74 /* Release */ = {
			isa = XCBuildConfiguration;
			buildSettings = {
				ALWAYS_SEARCH_USER_PATHS = NO;
				ASSETCATALOG_COMPILER_GENERATE_SWIFT_ASSET_SYMBOL_EXTENSIONS = YES;
				CLANG_ANALYZER_NONNULL = YES;
				CLANG_ANALYZER_NUMBER_OBJECT_CONVERSION = YES_AGGRESSIVE;
				CLANG_CXX_LANGUAGE_STANDARD = "gnu++20";
				CLANG_ENABLE_MODULES = YES;
				CLANG_ENABLE_OBJC_ARC = YES;
				CLANG_ENABLE_OBJC_WEAK = YES;
				CLANG_WARN_BLOCK_CAPTURE_AUTORELEASING = YES;
				CLANG_WARN_BOOL_CONVERSION = YES;
				CLANG_WARN_COMMA = YES;
				CLANG_WARN_CONSTANT_CONVERSION = YES;
				CLANG_WARN_DEPRECATED_OBJC_IMPLEMENTATIONS = YES;
				CLANG_WARN_DIRECT_OBJC_ISA_USAGE = YES_ERROR;
				CLANG_WARN_DOCUMENTATION_COMMENTS = YES;
				CLANG_WARN_EMPTY_BODY = YES;
				CLANG_WARN_ENUM_CONVERSION = YES;
				CLANG_WARN_INFINITE_RECURSION = YES;
				CLANG_WARN_INT_CONVERSION = YES;
				CLANG_WARN_NON_LITERAL_NULL_CONVERSION = YES;
				CLANG_WARN_OBJC_IMPLICIT_RETAIN_SELF = YES;
				CLANG_WARN_OBJC_LITERAL_CONVERSION = YES;
				CLANG_WARN_OBJC_ROOT_CLASS = YES_ERROR;
				CLANG_WARN_QUOTED_INCLUDE_IN_FRAMEWORK_HEADER = YES;
				CLANG_WARN_RANGE_LOOP_ANALYSIS = YES;
				CLANG_WARN_STRICT_PROTOTYPES = YES;
				CLANG_WARN_SUSPICIOUS_MOVE = YES;
				CLANG_WARN_UNGUARDED_AVAILABILITY = YES_AGGRESSIVE;
				CLANG_WARN_UNREACHABLE_CODE = YES;
				CLANG_WARN__DUPLICATE_METHOD_MATCH = YES;
				COPY_PHASE_STRIP = NO;
				DEBUG_INFORMATION_FORMAT = "dwarf-with-dsym";
				ENABLE_NS_ASSERTIONS = NO;
				ENABLE_STRICT_OBJC_MSGSEND = YES;
				ENABLE_USER_SCRIPT_SANDBOXING = YES;
				GCC_C_LANGUAGE_STANDARD = gnu17;
				GCC_NO_COMMON_BLOCKS = YES;
				GCC_WARN_64_TO_32_BIT_CONVERSION = YES;
				GCC_WARN_ABOUT_RETURN_TYPE = YES_ERROR;
				GCC_WARN_UNDECLARED_SELECTOR = YES;
				GCC_WARN_UNINITIALIZED_AUTOS = YES_AGGRESSIVE;
				GCC_WARN_UNUSED_FUNCTION = YES;
				GCC_WARN_UNUSED_VARIABLE = YES;
				IPHONEOS_DEPLOYMENT_TARGET = 17.2;
				LOCALIZATION_PREFERS_STRING_CATALOGS = YES;
				MTL_ENABLE_DEBUG_INFO = NO;
				MTL_FAST_MATH = YES;
				SDKROOT = iphoneos;
				SWIFT_COMPILATION_MODE = wholemodule;
				VALIDATE_PRODUCT = YES;
			};
			name = Release;
		};
		C873AE1C2B6550DC00DCFD74 /* Debug */ = {
			isa = XCBuildConfiguration;
			buildSettings = {
				ASSETCATALOG_COMPILER_APPICON_NAME = AppIcon;
				ASSETCATALOG_COMPILER_GLOBAL_ACCENT_COLOR_NAME = AccentColor;
				CODE_SIGN_STYLE = Automatic;
				CURRENT_PROJECT_VERSION = 1;
				DEVELOPMENT_ASSET_PATHS = "\"Z/Preview Content\"";
				ENABLE_PREVIEWS = YES;
				GENERATE_INFOPLIST_FILE = YES;
				INFOPLIST_KEY_UIApplicationSceneManifest_Generation = YES;
				INFOPLIST_KEY_UIApplicationSupportsIndirectInputEvents = YES;
				INFOPLIST_KEY_UILaunchScreen_Generation = YES;
				INFOPLIST_KEY_UISupportedInterfaceOrientations_iPad = "UIInterfaceOrientationPortrait UIInterfaceOrientationPortraitUpsideDown UIInterfaceOrientationLandscapeLeft UIInterfaceOrientationLandscapeRight";
				INFOPLIST_KEY_UISupportedInterfaceOrientations_iPhone = "UIInterfaceOrientationPortrait UIInterfaceOrientationLandscapeLeft UIInterfaceOrientationLandscapeRight";
				LD_RUNPATH_SEARCH_PATHS = (
					"$(inherited)",
					"@executable_path/Frameworks",
				);
				MARKETING_VERSION = 1.0;
				PRODUCT_BUNDLE_IDENTIFIER = com.lasithaprabodha.Z;
				PRODUCT_NAME = "$(TARGET_NAME)";
				SWIFT_EMIT_LOC_STRINGS = YES;
				SWIFT_VERSION = 5.0;
				TARGETED_DEVICE_FAMILY = "1,2";
			};
			name = Debug;
		};
		C873AE1D2B6550DC00DCFD74 /* Release */ = {
			isa = XCBuildConfiguration;
			buildSettings = {
				ASSETCATALOG_COMPILER_APPICON_NAME = AppIcon;
				ASSETCATALOG_COMPILER_GLOBAL_ACCENT_COLOR_NAME = AccentColor;
				CODE_SIGN_STYLE = Automatic;
				CURRENT_PROJECT_VERSION = 1;
				DEVELOPMENT_ASSET_PATHS = "\"Z/Preview Content\"";
				ENABLE_PREVIEWS = YES;
				GENERATE_INFOPLIST_FILE = YES;
				INFOPLIST_KEY_UIApplicationSceneManifest_Generation = YES;
				INFOPLIST_KEY_UIApplicationSupportsIndirectInputEvents = YES;
				INFOPLIST_KEY_UILaunchScreen_Generation = YES;
				INFOPLIST_KEY_UISupportedInterfaceOrientations_iPad = "UIInterfaceOrientationPortrait UIInterfaceOrientationPortraitUpsideDown UIInterfaceOrientationLandscapeLeft UIInterfaceOrientationLandscapeRight";
				INFOPLIST_KEY_UISupportedInterfaceOrientations_iPhone = "UIInterfaceOrientationPortrait UIInterfaceOrientationLandscapeLeft UIInterfaceOrientationLandscapeRight";
				LD_RUNPATH_SEARCH_PATHS = (
					"$(inherited)",
					"@executable_path/Frameworks",
				);
				MARKETING_VERSION = 1.0;
				PRODUCT_BUNDLE_IDENTIFIER = com.lasithaprabodha.Z;
				PRODUCT_NAME = "$(TARGET_NAME)";
				SWIFT_EMIT_LOC_STRINGS = YES;
				SWIFT_VERSION = 5.0;
				TARGETED_DEVICE_FAMILY = "1,2";
			};
			name = Release;
		};
/* End XCBuildConfiguration section */

/* Begin XCConfigurationList section */
		C873AE082B6550DB00DCFD74 /* Build configuration list for PBXProject "Z" */ = {
			isa = XCConfigurationList;
			buildConfigurations = (
				C873AE192B6550DC00DCFD74 /* Debug */,
				C873AE1A2B6550DC00DCFD74 /* Release */,
			);
			defaultConfigurationIsVisible = 0;
			defaultConfigurationName = Release;
		};
		C873AE1B2B6550DC00DCFD74 /* Build configuration list for PBXNativeTarget "Z" */ = {
			isa = XCConfigurationList;
			buildConfigurations = (
				C873AE1C2B6550DC00DCFD74 /* Debug */,
				C873AE1D2B6550DC00DCFD74 /* Release */,
			);
			defaultConfigurationIsVisible = 0;
			defaultConfigurationName = Release;
		};
/* End XCConfigurationList section */

/* Begin XCRemoteSwiftPackageReference section */
		C873AE572B657CE900DCFD74 /* XCRemoteSwiftPackageReference "firebase-ios-sdk" */ = {
			isa = XCRemoteSwiftPackageReference;
			repositoryURL = "https://github.com/firebase/firebase-ios-sdk.git";
			requirement = {
				kind = upToNextMajorVersion;
				minimumVersion = 10.20.0;
			};
		};
		C8D4CA132B66BA8900354F98 /* XCRemoteSwiftPackageReference "Kingfisher" */ = {
			isa = XCRemoteSwiftPackageReference;
			repositoryURL = "https://github.com/onevcat/Kingfisher";
			requirement = {
				kind = upToNextMajorVersion;
				minimumVersion = 7.10.2;
			};
		};
/* End XCRemoteSwiftPackageReference section */

/* Begin XCSwiftPackageProductDependency section */
		C873AE582B657CE900DCFD74 /* FirebaseAuth */ = {
			isa = XCSwiftPackageProductDependency;
			package = C873AE572B657CE900DCFD74 /* XCRemoteSwiftPackageReference "firebase-ios-sdk" */;
			productName = FirebaseAuth;
		};
		C873AE5A2B657CE900DCFD74 /* FirebaseFirestore */ = {
			isa = XCSwiftPackageProductDependency;
			package = C873AE572B657CE900DCFD74 /* XCRemoteSwiftPackageReference "firebase-ios-sdk" */;
			productName = FirebaseFirestore;
		};
		C873AE5C2B657CE900DCFD74 /* FirebaseFirestoreSwift */ = {
			isa = XCSwiftPackageProductDependency;
			package = C873AE572B657CE900DCFD74 /* XCRemoteSwiftPackageReference "firebase-ios-sdk" */;
			productName = FirebaseFirestoreSwift;
		};
		C873AE5E2B657CE900DCFD74 /* FirebaseStorage */ = {
			isa = XCSwiftPackageProductDependency;
			package = C873AE572B657CE900DCFD74 /* XCRemoteSwiftPackageReference "firebase-ios-sdk" */;
			productName = FirebaseStorage;
		};
		C873AE602B657CE900DCFD74 /* FirebaseStorageCombine-Community */ = {
			isa = XCSwiftPackageProductDependency;
			package = C873AE572B657CE900DCFD74 /* XCRemoteSwiftPackageReference "firebase-ios-sdk" */;
			productName = "FirebaseStorageCombine-Community";
		};
		C8D4CA142B66BA8900354F98 /* Kingfisher */ = {
			isa = XCSwiftPackageProductDependency;
			package = C8D4CA132B66BA8900354F98 /* XCRemoteSwiftPackageReference "Kingfisher" */;
			productName = Kingfisher;
		};
/* End XCSwiftPackageProductDependency section */
	};
	rootObject = C873AE052B6550DB00DCFD74 /* Project object */;
}
